
Microsoft Visual Studio Solution File, Format Version 12.00
# Visual Studio Version 16
VisualStudioVersion = 16.0.33529.622
MinimumVisualStudioVersion = 10.0.40219.1
Project("{8BC9CEB8-8B4A-11D0-8D11-00A0C91BC942}") = "The_Fool_Game", "The_Fool_Game.vcxproj", "{5698F5B8-C632-427B-9B23-36FCC519242A}"
EndProject
Global
	GlobalSection(SolutionConfigurationPlatforms) = preSolution
		Debug|x64 = Debug|x64
		Debug|x86 = Debug|x86
		Release|x64 = Release|x64
		Release|x86 = Release|x86
	EndGlobalSection
	GlobalSection(ProjectConfigurationPlatforms) = postSolution
		{5698F5B8-C632-427B-9B23-36FCC519242A}.Debug|x64.ActiveCfg = Debug|x64
		{5698F5B8-C632-427B-9B23-36FCC519242A}.Debug|x64.Build.0 = Debug|x64
		{5698F5B8-C632-427B-9B23-36FCC519242A}.Debug|x86.ActiveCfg = Debug|Win32
		{5698F5B8-C632-427B-9B23-36FCC519242A}.Debug|x86.Build.0 = Debug|Win32
		{5698F5B8-C632-427B-9B23-36FCC519242A}.Release|x64.ActiveCfg = Release|x64
		{5698F5B8-C632-427B-9B23-36FCC519242A}.Release|x64.Build.0 = Release|x64
		{5698F5B8-C632-427B-9B23-36FCC519242A}.Release|x86.ActiveCfg = Release|Win32
		{5698F5B8-C632-427B-9B23-36FCC519242A}.Release|x86.Build.0 = Release|Win32
	EndGlobalSection
	GlobalSection(SolutionProperties) = preSolution
		HideSolutionNode = FALSE
	EndGlobalSection
	GlobalSection(ExtensibilityGlobals) = postSolution
		SolutionGuid = {37420C6B-99F1-4403-B833-A9E910153B88}
	EndGlobalSection
EndGlobal
